// !$*UTF8*$!
{
	archiveVersion = 1;
	classes = {
	};
	objectVersion = 77;
	objects = {

/* Begin PBXBuildFile section */
		D0079EB42D2B27F600E0F36E /* FirebaseAuth in Frameworks */ = {isa = PBXBuildFile; productRef = D0079EB32D2B27F600E0F36E /* FirebaseAuth */; };
		D0079EB62D2B27F600E0F36E /* FirebaseDatabase in Frameworks */ = {isa = PBXBuildFile; productRef = D0079EB52D2B27F600E0F36E /* FirebaseDatabase */; };
		D0079EBC2D2B372800E0F36E /* GoogleSignIn in Frameworks */ = {isa = PBXBuildFile; productRef = D0079EBB2D2B372800E0F36E /* GoogleSignIn */; };
		D0079EBE2D2B372800E0F36E /* GoogleSignInSwift in Frameworks */ = {isa = PBXBuildFile; productRef = D0079EBD2D2B372800E0F36E /* GoogleSignInSwift */; };
		D07F38F42D3DF46C00BDDD62 /* Launch Screen.storyboard in Resources */ = {isa = PBXBuildFile; fileRef = D07F38F32D3DF46C00BDDD62 /* Launch Screen.storyboard */; };
		D0834F112D2B9406000200C7 /* FirebaseFunctions in Frameworks */ = {isa = PBXBuildFile; productRef = D0834F102D2B9406000200C7 /* FirebaseFunctions */; };
		D08350162D2F1BC0000200C7 /* FirebaseFirestore in Frameworks */ = {isa = PBXBuildFile; productRef = D08350152D2F1BC0000200C7 /* FirebaseFirestore */; };
		D08350192D2F1C15000200C7 /* Fakery in Frameworks */ = {isa = PBXBuildFile; productRef = D08350182D2F1C15000200C7 /* Fakery */; };
		D083501E2D2F32DB000200C7 /* AudioKit in Frameworks */ = {isa = PBXBuildFile; productRef = D083501D2D2F32DB000200C7 /* AudioKit */; };
		D083502C2D2F48F8000200C7 /* SoundpipeAudioKit in Frameworks */ = {isa = PBXBuildFile; productRef = D083502B2D2F48F8000200C7 /* SoundpipeAudioKit */; };
		D0FF13D32D33594700CD1359 /* FirebaseStorage in Frameworks */ = {isa = PBXBuildFile; productRef = D0FF13D22D33594700CD1359 /* FirebaseStorage */; };
/* End PBXBuildFile section */

/* Begin PBXContainerItemProxy section */
		D064A4DD2D2646460001C402 /* PBXContainerItemProxy */ = {
			isa = PBXContainerItemProxy;
			containerPortal = D064A4C42D2646450001C402 /* Project object */;
			proxyType = 1;
			remoteGlobalIDString = D064A4CB2D2646450001C402;
			remoteInfo = otio;
		};
		D064A4E72D2646460001C402 /* PBXContainerItemProxy */ = {
			isa = PBXContainerItemProxy;
			containerPortal = D064A4C42D2646450001C402 /* Project object */;
			proxyType = 1;
			remoteGlobalIDString = D064A4CB2D2646450001C402;
			remoteInfo = otio;
		};
/* End PBXContainerItemProxy section */

/* Begin PBXFileReference section */
		D064A4CC2D2646450001C402 /* otio.app */ = {isa = PBXFileReference; explicitFileType = wrapper.application; includeInIndex = 0; path = otio.app; sourceTree = BUILT_PRODUCTS_DIR; };
		D064A4DC2D2646460001C402 /* otioTests.xctest */ = {isa = PBXFileReference; explicitFileType = wrapper.cfbundle; includeInIndex = 0; path = otioTests.xctest; sourceTree = BUILT_PRODUCTS_DIR; };
		D064A4E62D2646460001C402 /* otioUITests.xctest */ = {isa = PBXFileReference; explicitFileType = wrapper.cfbundle; includeInIndex = 0; path = otioUITests.xctest; sourceTree = BUILT_PRODUCTS_DIR; };
		D07F38F32D3DF46C00BDDD62 /* Launch Screen.storyboard */ = {isa = PBXFileReference; lastKnownFileType = file.storyboard; path = "Launch Screen.storyboard"; sourceTree = "<group>"; };
/* End PBXFileReference section */

/* Begin PBXFileSystemSynchronizedBuildFileExceptionSet section */
		D07F38A52D3DC98500BDDD62 /* Exceptions for "otio" folder in "otio" target */ = {
			isa = PBXFileSystemSynchronizedBuildFileExceptionSet;
			membershipExceptions = (
				Info.plist,
			);
			target = D064A4CB2D2646450001C402 /* otio */;
		};
/* End PBXFileSystemSynchronizedBuildFileExceptionSet section */

/* Begin PBXFileSystemSynchronizedRootGroup section */
		D064A4CE2D2646450001C402 /* otio */ = {
			isa = PBXFileSystemSynchronizedRootGroup;
			exceptions = (
				D07F38A52D3DC98500BDDD62 /* Exceptions for "otio" folder in "otio" target */,
			);
			path = otio;
			sourceTree = "<group>";
		};
/* End PBXFileSystemSynchronizedRootGroup section */

/* Begin PBXFrameworksBuildPhase section */
		D064A4C92D2646450001C402 /* Frameworks */ = {
			isa = PBXFrameworksBuildPhase;
			buildActionMask = 2147483647;
			files = (
				D08350192D2F1C15000200C7 /* Fakery in Frameworks */,
				D0079EB62D2B27F600E0F36E /* FirebaseDatabase in Frameworks */,
				D083501E2D2F32DB000200C7 /* AudioKit in Frameworks */,
				D0FF13D32D33594700CD1359 /* FirebaseStorage in Frameworks */,
				D0079EB42D2B27F600E0F36E /* FirebaseAuth in Frameworks */,
				D0834F112D2B9406000200C7 /* FirebaseFunctions in Frameworks */,
				D083502C2D2F48F8000200C7 /* SoundpipeAudioKit in Frameworks */,
				D0079EBC2D2B372800E0F36E /* GoogleSignIn in Frameworks */,
				D0079EBE2D2B372800E0F36E /* GoogleSignInSwift in Frameworks */,
				D08350162D2F1BC0000200C7 /* FirebaseFirestore in Frameworks */,
			);
			runOnlyForDeploymentPostprocessing = 0;
		};
		D064A4D92D2646460001C402 /* Frameworks */ = {
			isa = PBXFrameworksBuildPhase;
			buildActionMask = 2147483647;
			files = (
			);
			runOnlyForDeploymentPostprocessing = 0;
		};
		D064A4E32D2646460001C402 /* Frameworks */ = {
			isa = PBXFrameworksBuildPhase;
			buildActionMask = 2147483647;
			files = (
			);
			runOnlyForDeploymentPostprocessing = 0;
		};
/* End PBXFrameworksBuildPhase section */

/* Begin PBXGroup section */
		D064A4C32D2646450001C402 = {
			isa = PBXGroup;
			children = (
				D07F38F32D3DF46C00BDDD62 /* Launch Screen.storyboard */,
				D064A4CE2D2646450001C402 /* otio */,
				D064A4CD2D2646450001C402 /* Products */,
			);
			sourceTree = "<group>";
		};
		D064A4CD2D2646450001C402 /* Products */ = {
			isa = PBXGroup;
			children = (
				D064A4CC2D2646450001C402 /* otio.app */,
				D064A4DC2D2646460001C402 /* otioTests.xctest */,
				D064A4E62D2646460001C402 /* otioUITests.xctest */,
			);
			name = Products;
			sourceTree = "<group>";
		};
/* End PBXGroup section */

/* Begin PBXNativeTarget section */
		D064A4CB2D2646450001C402 /* otio */ = {
			isa = PBXNativeTarget;
			buildConfigurationList = D064A4F02D2646460001C402 /* Build configuration list for PBXNativeTarget "otio" */;
			buildPhases = (
				D064A4C82D2646450001C402 /* Sources */,
				D064A4C92D2646450001C402 /* Frameworks */,
				D064A4CA2D2646450001C402 /* Resources */,
			);
			buildRules = (
			);
			dependencies = (
			);
			fileSystemSynchronizedGroups = (
				D064A4CE2D2646450001C402 /* otio */,
			);
			name = otio;
			packageProductDependencies = (
				D0079EB32D2B27F600E0F36E /* FirebaseAuth */,
				D0079EB52D2B27F600E0F36E /* FirebaseDatabase */,
				D0079EBB2D2B372800E0F36E /* GoogleSignIn */,
				D0079EBD2D2B372800E0F36E /* GoogleSignInSwift */,
				D0834F102D2B9406000200C7 /* FirebaseFunctions */,
				D08350152D2F1BC0000200C7 /* FirebaseFirestore */,
				D08350182D2F1C15000200C7 /* Fakery */,
				D083501D2D2F32DB000200C7 /* AudioKit */,
				D083502B2D2F48F8000200C7 /* SoundpipeAudioKit */,
				D0FF13D22D33594700CD1359 /* FirebaseStorage */,
			);
			productName = otio;
			productReference = D064A4CC2D2646450001C402 /* otio.app */;
			productType = "com.apple.product-type.application";
		};
		D064A4DB2D2646460001C402 /* otioTests */ = {
			isa = PBXNativeTarget;
			buildConfigurationList = D064A4F32D2646460001C402 /* Build configuration list for PBXNativeTarget "otioTests" */;
			buildPhases = (
				D064A4D82D2646460001C402 /* Sources */,
				D064A4D92D2646460001C402 /* Frameworks */,
				D064A4DA2D2646460001C402 /* Resources */,
			);
			buildRules = (
			);
			dependencies = (
				D064A4DE2D2646460001C402 /* PBXTargetDependency */,
			);
			name = otioTests;
			packageProductDependencies = (
			);
			productName = otioTests;
			productReference = D064A4DC2D2646460001C402 /* otioTests.xctest */;
			productType = "com.apple.product-type.bundle.unit-test";
		};
		D064A4E52D2646460001C402 /* otioUITests */ = {
			isa = PBXNativeTarget;
			buildConfigurationList = D064A4F62D2646460001C402 /* Build configuration list for PBXNativeTarget "otioUITests" */;
			buildPhases = (
				D064A4E22D2646460001C402 /* Sources */,
				D064A4E32D2646460001C402 /* Frameworks */,
				D064A4E42D2646460001C402 /* Resources */,
			);
			buildRules = (
			);
			dependencies = (
				D064A4E82D2646460001C402 /* PBXTargetDependency */,
			);
			name = otioUITests;
			packageProductDependencies = (
			);
			productName = otioUITests;
			productReference = D064A4E62D2646460001C402 /* otioUITests.xctest */;
			productType = "com.apple.product-type.bundle.ui-testing";
		};
/* End PBXNativeTarget section */

/* Begin PBXProject section */
		D064A4C42D2646450001C402 /* Project object */ = {
			isa = PBXProject;
			attributes = {
				BuildIndependentTargetsInParallel = 1;
				LastSwiftUpdateCheck = 1620;
				LastUpgradeCheck = 1620;
				ORGANIZATIONNAME = "Otio LLC";
				TargetAttributes = {
					D064A4CB2D2646450001C402 = {
						CreatedOnToolsVersion = 16.2;
					};
					D064A4DB2D2646460001C402 = {
						CreatedOnToolsVersion = 16.2;
						TestTargetID = D064A4CB2D2646450001C402;
					};
					D064A4E52D2646460001C402 = {
						CreatedOnToolsVersion = 16.2;
						TestTargetID = D064A4CB2D2646450001C402;
					};
				};
			};
			buildConfigurationList = D064A4C72D2646450001C402 /* Build configuration list for PBXProject "otio" */;
			developmentRegion = en;
			hasScannedForEncodings = 0;
			knownRegions = (
				en,
				Base,
			);
			mainGroup = D064A4C32D2646450001C402;
			minimizedProjectReferenceProxies = 1;
			packageReferences = (
				D0079EB22D2B27F600E0F36E /* XCRemoteSwiftPackageReference "firebase-ios-sdk" */,
				D0079EBA2D2B372800E0F36E /* XCRemoteSwiftPackageReference "GoogleSignIn-iOS" */,
				D08350172D2F1C15000200C7 /* XCRemoteSwiftPackageReference "Fakery" */,
				D083501C2D2F32DB000200C7 /* XCRemoteSwiftPackageReference "AudioKit" */,
				D083502A2D2F48F8000200C7 /* XCRemoteSwiftPackageReference "SoundpipeAudioKit" */,
			);
			preferredProjectObjectVersion = 77;
			productRefGroup = D064A4CD2D2646450001C402 /* Products */;
			projectDirPath = "";
			projectRoot = "";
			targets = (
				D064A4CB2D2646450001C402 /* otio */,
				D064A4DB2D2646460001C402 /* otioTests */,
				D064A4E52D2646460001C402 /* otioUITests */,
			);
		};
/* End PBXProject section */

/* Begin PBXResourcesBuildPhase section */
		D064A4CA2D2646450001C402 /* Resources */ = {
			isa = PBXResourcesBuildPhase;
			buildActionMask = 2147483647;
			files = (
				D07F38F42D3DF46C00BDDD62 /* Launch Screen.storyboard in Resources */,
			);
			runOnlyForDeploymentPostprocessing = 0;
		};
		D064A4DA2D2646460001C402 /* Resources */ = {
			isa = PBXResourcesBuildPhase;
			buildActionMask = 2147483647;
			files = (
			);
			runOnlyForDeploymentPostprocessing = 0;
		};
		D064A4E42D2646460001C402 /* Resources */ = {
			isa = PBXResourcesBuildPhase;
			buildActionMask = 2147483647;
			files = (
			);
			runOnlyForDeploymentPostprocessing = 0;
		};
/* End PBXResourcesBuildPhase section */

/* Begin PBXSourcesBuildPhase section */
		D064A4C82D2646450001C402 /* Sources */ = {
			isa = PBXSourcesBuildPhase;
			buildActionMask = 2147483647;
			files = (
			);
			runOnlyForDeploymentPostprocessing = 0;
		};
		D064A4D82D2646460001C402 /* Sources */ = {
			isa = PBXSourcesBuildPhase;
			buildActionMask = 2147483647;
			files = (
			);
			runOnlyForDeploymentPostprocessing = 0;
		};
		D064A4E22D2646460001C402 /* Sources */ = {
			isa = PBXSourcesBuildPhase;
			buildActionMask = 2147483647;
			files = (
			);
			runOnlyForDeploymentPostprocessing = 0;
		};
/* End PBXSourcesBuildPhase section */

/* Begin PBXTargetDependency section */
		D064A4DE2D2646460001C402 /* PBXTargetDependency */ = {
			isa = PBXTargetDependency;
			target = D064A4CB2D2646450001C402 /* otio */;
			targetProxy = D064A4DD2D2646460001C402 /* PBXContainerItemProxy */;
		};
		D064A4E82D2646460001C402 /* PBXTargetDependency */ = {
			isa = PBXTargetDependency;
			target = D064A4CB2D2646450001C402 /* otio */;
			targetProxy = D064A4E72D2646460001C402 /* PBXContainerItemProxy */;
		};
/* End PBXTargetDependency section */

/* Begin XCBuildConfiguration section */
		D064A4EE2D2646460001C402 /* Debug */ = {
			isa = XCBuildConfiguration;
			buildSettings = {
				ALWAYS_SEARCH_USER_PATHS = NO;
				ASSETCATALOG_COMPILER_GENERATE_SWIFT_ASSET_SYMBOL_EXTENSIONS = YES;
				CLANG_ANALYZER_NONNULL = YES;
				CLANG_ANALYZER_NUMBER_OBJECT_CONVERSION = YES_AGGRESSIVE;
				CLANG_CXX_LANGUAGE_STANDARD = "gnu++20";
				CLANG_ENABLE_MODULES = YES;
				CLANG_ENABLE_OBJC_ARC = YES;
				CLANG_ENABLE_OBJC_WEAK = YES;
				CLANG_WARN_BLOCK_CAPTURE_AUTORELEASING = YES;
				CLANG_WARN_BOOL_CONVERSION = YES;
				CLANG_WARN_COMMA = YES;
				CLANG_WARN_CONSTANT_CONVERSION = YES;
				CLANG_WARN_DEPRECATED_OBJC_IMPLEMENTATIONS = YES;
				CLANG_WARN_DIRECT_OBJC_ISA_USAGE = YES_ERROR;
				CLANG_WARN_DOCUMENTATION_COMMENTS = YES;
				CLANG_WARN_EMPTY_BODY = YES;
				CLANG_WARN_ENUM_CONVERSION = YES;
				CLANG_WARN_INFINITE_RECURSION = YES;
				CLANG_WARN_INT_CONVERSION = YES;
				CLANG_WARN_NON_LITERAL_NULL_CONVERSION = YES;
				CLANG_WARN_OBJC_IMPLICIT_RETAIN_SELF = YES;
				CLANG_WARN_OBJC_LITERAL_CONVERSION = YES;
				CLANG_WARN_OBJC_ROOT_CLASS = YES_ERROR;
				CLANG_WARN_QUOTED_INCLUDE_IN_FRAMEWORK_HEADER = YES;
				CLANG_WARN_RANGE_LOOP_ANALYSIS = YES;
				CLANG_WARN_STRICT_PROTOTYPES = YES;
				CLANG_WARN_SUSPICIOUS_MOVE = YES;
				CLANG_WARN_UNGUARDED_AVAILABILITY = YES_AGGRESSIVE;
				CLANG_WARN_UNREACHABLE_CODE = YES;
				CLANG_WARN__DUPLICATE_METHOD_MATCH = YES;
				COPY_PHASE_STRIP = NO;
				DEBUG_INFORMATION_FORMAT = "dwarf-with-dsym";
				ENABLE_STRICT_OBJC_MSGSEND = YES;
				ENABLE_TESTABILITY = YES;
				ENABLE_USER_SCRIPT_SANDBOXING = YES;
				GCC_C_LANGUAGE_STANDARD = gnu17;
				GCC_DYNAMIC_NO_PIC = NO;
				GCC_NO_COMMON_BLOCKS = YES;
				GCC_OPTIMIZATION_LEVEL = 0;
				GCC_PREPROCESSOR_DEFINITIONS = (
					"DEBUG=1",
					"$(inherited)",
				);
				GCC_WARN_64_TO_32_BIT_CONVERSION = YES;
				GCC_WARN_ABOUT_RETURN_TYPE = YES_ERROR;
				GCC_WARN_UNDECLARED_SELECTOR = YES;
				GCC_WARN_UNINITIALIZED_AUTOS = YES_AGGRESSIVE;
				GCC_WARN_UNUSED_FUNCTION = YES;
				GCC_WARN_UNUSED_VARIABLE = YES;
				IPHONEOS_DEPLOYMENT_TARGET = 18.2;
				LOCALIZATION_PREFERS_STRING_CATALOGS = YES;
				MTL_ENABLE_DEBUG_INFO = INCLUDE_SOURCE;
				MTL_FAST_MATH = YES;
				ONLY_ACTIVE_ARCH = YES;
				SDKROOT = iphoneos;
				SWIFT_ACTIVE_COMPILATION_CONDITIONS = "DEBUG $(inherited)";
				SWIFT_OPTIMIZATION_LEVEL = "-Onone";
			};
			name = Debug;
		};
		D064A4EF2D2646460001C402 /* Release */ = {
			isa = XCBuildConfiguration;
			buildSettings = {
				ALWAYS_SEARCH_USER_PATHS = NO;
				ASSETCATALOG_COMPILER_GENERATE_SWIFT_ASSET_SYMBOL_EXTENSIONS = YES;
				CLANG_ANALYZER_NONNULL = YES;
				CLANG_ANALYZER_NUMBER_OBJECT_CONVERSION = YES_AGGRESSIVE;
				CLANG_CXX_LANGUAGE_STANDARD = "gnu++20";
				CLANG_ENABLE_MODULES = YES;
				CLANG_ENABLE_OBJC_ARC = YES;
				CLANG_ENABLE_OBJC_WEAK = YES;
				CLANG_WARN_BLOCK_CAPTURE_AUTORELEASING = YES;
				CLANG_WARN_BOOL_CONVERSION = YES;
				CLANG_WARN_COMMA = YES;
				CLANG_WARN_CONSTANT_CONVERSION = YES;
				CLANG_WARN_DEPRECATED_OBJC_IMPLEMENTATIONS = YES;
				CLANG_WARN_DIRECT_OBJC_ISA_USAGE = YES_ERROR;
				CLANG_WARN_DOCUMENTATION_COMMENTS = YES;
				CLANG_WARN_EMPTY_BODY = YES;
				CLANG_WARN_ENUM_CONVERSION = YES;
				CLANG_WARN_INFINITE_RECURSION = YES;
				CLANG_WARN_INT_CONVERSION = YES;
				CLANG_WARN_NON_LITERAL_NULL_CONVERSION = YES;
				CLANG_WARN_OBJC_IMPLICIT_RETAIN_SELF = YES;
				CLANG_WARN_OBJC_LITERAL_CONVERSION = YES;
				CLANG_WARN_OBJC_ROOT_CLASS = YES_ERROR;
				CLANG_WARN_QUOTED_INCLUDE_IN_FRAMEWORK_HEADER = YES;
				CLANG_WARN_RANGE_LOOP_ANALYSIS = YES;
				CLANG_WARN_STRICT_PROTOTYPES = YES;
				CLANG_WARN_SUSPICIOUS_MOVE = YES;
				CLANG_WARN_UNGUARDED_AVAILABILITY = YES_AGGRESSIVE;
				CLANG_WARN_UNREACHABLE_CODE = YES;
				CLANG_WARN__DUPLICATE_METHOD_MATCH = YES;
				COPY_PHASE_STRIP = NO;
				DEBUG_INFORMATION_FORMAT = "dwarf-with-dsym";
				ENABLE_NS_ASSERTIONS = NO;
				ENABLE_STRICT_OBJC_MSGSEND = YES;
				ENABLE_USER_SCRIPT_SANDBOXING = YES;
				GCC_C_LANGUAGE_STANDARD = gnu17;
				GCC_NO_COMMON_BLOCKS = YES;
				GCC_WARN_64_TO_32_BIT_CONVERSION = YES;
				GCC_WARN_ABOUT_RETURN_TYPE = YES_ERROR;
				GCC_WARN_UNDECLARED_SELECTOR = YES;
				GCC_WARN_UNINITIALIZED_AUTOS = YES_AGGRESSIVE;
				GCC_WARN_UNUSED_FUNCTION = YES;
				GCC_WARN_UNUSED_VARIABLE = YES;
				IPHONEOS_DEPLOYMENT_TARGET = 18.2;
				LOCALIZATION_PREFERS_STRING_CATALOGS = YES;
				MTL_ENABLE_DEBUG_INFO = NO;
				MTL_FAST_MATH = YES;
				SDKROOT = iphoneos;
				SWIFT_COMPILATION_MODE = wholemodule;
				VALIDATE_PRODUCT = YES;
			};
			name = Release;
		};
		D064A4F12D2646460001C402 /* Debug */ = {
			isa = XCBuildConfiguration;
			buildSettings = {
				ASSETCATALOG_COMPILER_APPICON_NAME = AppIcon;
				ASSETCATALOG_COMPILER_GLOBAL_ACCENT_COLOR_NAME = AccentColor;
				ASSETCATALOG_COMPILER_INCLUDE_ALL_APPICON_ASSETS = NO;
				CODE_SIGN_STYLE = Automatic;
				CURRENT_PROJECT_VERSION = 1;
				DEVELOPMENT_ASSET_PATHS = "\"otio/Preview Content\"";
				DEVELOPMENT_TEAM = 8TD422KYZU;
				ENABLE_PREVIEWS = YES;
				GENERATE_INFOPLIST_FILE = YES;
				INFOPLIST_FILE = otio/Info.plist;
				INFOPLIST_KEY_CFBundleDisplayName = otio;
				INFOPLIST_KEY_UIApplicationSceneManifest_Generation = YES;
				INFOPLIST_KEY_UIApplicationSupportsIndirectInputEvents = YES;
				INFOPLIST_KEY_UILaunchScreen_Generation = YES;
				INFOPLIST_KEY_UILaunchStoryboardName = LaunchScreen;
				INFOPLIST_KEY_UIRequiresFullScreen = YES;
				INFOPLIST_KEY_UISupportedInterfaceOrientations = UIInterfaceOrientationPortrait;
				IPHONEOS_DEPLOYMENT_TARGET = 16.6;
				LD_RUNPATH_SEARCH_PATHS = (
					"$(inherited)",
					"@executable_path/Frameworks",
				);
				MARKETING_VERSION = 1.0;
				NEW_SETTING = "";
				PRODUCT_BUNDLE_IDENTIFIER = com.otio.otio;
				PRODUCT_NAME = "$(TARGET_NAME)";
				SWIFT_EMIT_LOC_STRINGS = YES;
				SWIFT_VERSION = 5.0;
				TARGETED_DEVICE_FAMILY = "1,2";
			};
			name = Debug;
		};
		D064A4F22D2646460001C402 /* Release */ = {
			isa = XCBuildConfiguration;
			buildSettings = {
				ASSETCATALOG_COMPILER_APPICON_NAME = AppIcon;
				ASSETCATALOG_COMPILER_GLOBAL_ACCENT_COLOR_NAME = AccentColor;
				ASSETCATALOG_COMPILER_INCLUDE_ALL_APPICON_ASSETS = NO;
				CODE_SIGN_STYLE = Automatic;
				CURRENT_PROJECT_VERSION = 1;
				DEVELOPMENT_ASSET_PATHS = "\"otio/Preview Content\"";
				DEVELOPMENT_TEAM = 8TD422KYZU;
				ENABLE_PREVIEWS = YES;
				GENERATE_INFOPLIST_FILE = YES;
				INFOPLIST_FILE = otio/Info.plist;
				INFOPLIST_KEY_CFBundleDisplayName = otio;
				INFOPLIST_KEY_UIApplicationSceneManifest_Generation = YES;
				INFOPLIST_KEY_UIApplicationSupportsIndirectInputEvents = YES;
				INFOPLIST_KEY_UILaunchScreen_Generation = YES;
				INFOPLIST_KEY_UILaunchStoryboardName = LaunchScreen;
				INFOPLIST_KEY_UIRequiresFullScreen = YES;
				INFOPLIST_KEY_UISupportedInterfaceOrientations = UIInterfaceOrientationPortrait;
				IPHONEOS_DEPLOYMENT_TARGET = 16.6;
				LD_RUNPATH_SEARCH_PATHS = (
					"$(inherited)",
					"@executable_path/Frameworks",
				);
				MARKETING_VERSION = 1.0;
				NEW_SETTING = "";
				PRODUCT_BUNDLE_IDENTIFIER = com.otio.otio;
				PRODUCT_NAME = "$(TARGET_NAME)";
				SWIFT_EMIT_LOC_STRINGS = YES;
				SWIFT_VERSION = 5.0;
				TARGETED_DEVICE_FAMILY = "1,2";
			};
			name = Release;
		};
		D064A4F42D2646460001C402 /* Debug */ = {
			isa = XCBuildConfiguration;
			buildSettings = {
				BUNDLE_LOADER = "$(TEST_HOST)";
				CODE_SIGN_STYLE = Automatic;
				CURRENT_PROJECT_VERSION = 1;
				GENERATE_INFOPLIST_FILE = YES;
				IPHONEOS_DEPLOYMENT_TARGET = 18.2;
				MARKETING_VERSION = 1.0;
				PRODUCT_BUNDLE_IDENTIFIER = com.otio.otioTests;
				PRODUCT_NAME = "$(TARGET_NAME)";
				SWIFT_EMIT_LOC_STRINGS = NO;
				SWIFT_VERSION = 5.0;
				TARGETED_DEVICE_FAMILY = "1,2";
				TEST_HOST = "$(BUILT_PRODUCTS_DIR)/otio.app/$(BUNDLE_EXECUTABLE_FOLDER_PATH)/otio";
			};
			name = Debug;
		};
		D064A4F52D2646460001C402 /* Release */ = {
			isa = XCBuildConfiguration;
			buildSettings = {
				BUNDLE_LOADER = "$(TEST_HOST)";
				CODE_SIGN_STYLE = Automatic;
				CURRENT_PROJECT_VERSION = 1;
				GENERATE_INFOPLIST_FILE = YES;
				IPHONEOS_DEPLOYMENT_TARGET = 18.2;
				MARKETING_VERSION = 1.0;
				PRODUCT_BUNDLE_IDENTIFIER = com.otio.otioTests;
				PRODUCT_NAME = "$(TARGET_NAME)";
				SWIFT_EMIT_LOC_STRINGS = NO;
				SWIFT_VERSION = 5.0;
				TARGETED_DEVICE_FAMILY = "1,2";
				TEST_HOST = "$(BUILT_PRODUCTS_DIR)/otio.app/$(BUNDLE_EXECUTABLE_FOLDER_PATH)/otio";
			};
			name = Release;
		};
		D064A4F72D2646460001C402 /* Debug */ = {
			isa = XCBuildConfiguration;
			buildSettings = {
				CODE_SIGN_STYLE = Automatic;
				CURRENT_PROJECT_VERSION = 1;
				GENERATE_INFOPLIST_FILE = YES;
				MARKETING_VERSION = 1.0;
				PRODUCT_BUNDLE_IDENTIFIER = com.otio.otioUITests;
				PRODUCT_NAME = "$(TARGET_NAME)";
				SWIFT_EMIT_LOC_STRINGS = NO;
				SWIFT_VERSION = 5.0;
				TARGETED_DEVICE_FAMILY = "1,2";
				TEST_TARGET_NAME = otios;
			};
			name = Debug;
		};
		D064A4F82D2646460001C402 /* Release */ = {
			isa = XCBuildConfiguration;
			buildSettings = {
				CODE_SIGN_STYLE = Automatic;
				CURRENT_PROJECT_VERSION = 1;
				GENERATE_INFOPLIST_FILE = YES;
				MARKETING_VERSION = 1.0;
				PRODUCT_BUNDLE_IDENTIFIER = com.otio.otioUITests;
				PRODUCT_NAME = "$(TARGET_NAME)";
				SWIFT_EMIT_LOC_STRINGS = NO;
				SWIFT_VERSION = 5.0;
				TARGETED_DEVICE_FAMILY = "1,2";
				TEST_TARGET_NAME = otio;
			};
			name = Release;
		};
/* End XCBuildConfiguration section */

/* Begin XCConfigurationList section */
		D064A4C72D2646450001C402 /* Build configuration list for PBXProject "otio" */ = {
			isa = XCConfigurationList;
			buildConfigurations = (
				D064A4EE2D2646460001C402 /* Debug */,
				D064A4EF2D2646460001C402 /* Release */,
			);
			defaultConfigurationIsVisible = 0;
			defaultConfigurationName = Release;
		};
		D064A4F02D2646460001C402 /* Build configuration list for PBXNativeTarget "otio" */ = {
			isa = XCConfigurationList;
			buildConfigurations = (
				D064A4F12D2646460001C402 /* Debug */,
				D064A4F22D2646460001C402 /* Release */,
			);
			defaultConfigurationIsVisible = 0;
			defaultConfigurationName = Release;
		};
		D064A4F32D2646460001C402 /* Build configuration list for PBXNativeTarget "otioTests" */ = {
			isa = XCConfigurationList;
			buildConfigurations = (
				D064A4F42D2646460001C402 /* Debug */,
				D064A4F52D2646460001C402 /* Release */,
			);
			defaultConfigurationIsVisible = 0;
			defaultConfigurationName = Release;
		};
		D064A4F62D2646460001C402 /* Build configuration list for PBXNativeTarget "otioUITests" */ = {
			isa = XCConfigurationList;
			buildConfigurations = (
				D064A4F72D2646460001C402 /* Debug */,
				D064A4F82D2646460001C402 /* Release */,
			);
			defaultConfigurationIsVisible = 0;
			defaultConfigurationName = Release;
		};
/* End XCConfigurationList section */

/* Begin XCRemoteSwiftPackageReference section */
		D0079EB22D2B27F600E0F36E /* XCRemoteSwiftPackageReference "firebase-ios-sdk" */ = {
			isa = XCRemoteSwiftPackageReference;
			repositoryURL = "https://github.com/firebase/firebase-ios-sdk";
			requirement = {
				kind = upToNextMajorVersion;
				minimumVersion = 11.6.0;
			};
		};
		D0079EBA2D2B372800E0F36E /* XCRemoteSwiftPackageReference "GoogleSignIn-iOS" */ = {
			isa = XCRemoteSwiftPackageReference;
			repositoryURL = "https://github.com/google/GoogleSignIn-iOS.git";
			requirement = {
				kind = upToNextMajorVersion;
				minimumVersion = 8.0.0;
			};
		};
		D08350172D2F1C15000200C7 /* XCRemoteSwiftPackageReference "Fakery" */ = {
			isa = XCRemoteSwiftPackageReference;
			repositoryURL = "https://github.com/vadymmarkov/Fakery";
			requirement = {
				kind = upToNextMajorVersion;
				minimumVersion = 5.1.0;
			};
		};
		D083501C2D2F32DB000200C7 /* XCRemoteSwiftPackageReference "AudioKit" */ = {
			isa = XCRemoteSwiftPackageReference;
			repositoryURL = "https://github.com/AudioKit/AudioKit";
			requirement = {
				kind = upToNextMajorVersion;
				minimumVersion = 5.6.4;
			};
		};
		D083502A2D2F48F8000200C7 /* XCRemoteSwiftPackageReference "SoundpipeAudioKit" */ = {
			isa = XCRemoteSwiftPackageReference;
			repositoryURL = "https://github.com/AudioKit/SoundpipeAudioKit";
			requirement = {
				kind = upToNextMajorVersion;
				minimumVersion = 5.6.1;
			};
		};
/* End XCRemoteSwiftPackageReference section */

/* Begin XCSwiftPackageProductDependency section */
		D0079EB32D2B27F600E0F36E /* FirebaseAuth */ = {
			isa = XCSwiftPackageProductDependency;
			package = D0079EB22D2B27F600E0F36E /* XCRemoteSwiftPackageReference "firebase-ios-sdk" */;
			productName = FirebaseAuth;
		};
		D0079EB52D2B27F600E0F36E /* FirebaseDatabase */ = {
			isa = XCSwiftPackageProductDependency;
			package = D0079EB22D2B27F600E0F36E /* XCRemoteSwiftPackageReference "firebase-ios-sdk" */;
			productName = FirebaseDatabase;
		};
		D0079EBB2D2B372800E0F36E /* GoogleSignIn */ = {
			isa = XCSwiftPackageProductDependency;
			package = D0079EBA2D2B372800E0F36E /* XCRemoteSwiftPackageReference "GoogleSignIn-iOS" */;
			productName = GoogleSignIn;
		};
		D0079EBD2D2B372800E0F36E /* GoogleSignInSwift */ = {
			isa = XCSwiftPackageProductDependency;
			package = D0079EBA2D2B372800E0F36E /* XCRemoteSwiftPackageReference "GoogleSignIn-iOS" */;
			productName = GoogleSignInSwift;
		};
		D0834F102D2B9406000200C7 /* FirebaseFunctions */ = {
			isa = XCSwiftPackageProductDependency;
			package = D0079EB22D2B27F600E0F36E /* XCRemoteSwiftPackageReference "firebase-ios-sdk" */;
			productName = FirebaseFunctions;
		};
		D08350152D2F1BC0000200C7 /* FirebaseFirestore */ = {
			isa = XCSwiftPackageProductDependency;
			package = D0079EB22D2B27F600E0F36E /* XCRemoteSwiftPackageReference "firebase-ios-sdk" */;
			productName = FirebaseFirestore;
		};
		D08350182D2F1C15000200C7 /* Fakery */ = {
			isa = XCSwiftPackageProductDependency;
			package = D08350172D2F1C15000200C7 /* XCRemoteSwiftPackageReference "Fakery" */;
			productName = Fakery;
		};
		D083501D2D2F32DB000200C7 /* AudioKit */ = {
			isa = XCSwiftPackageProductDependency;
			package = D083501C2D2F32DB000200C7 /* XCRemoteSwiftPackageReference "AudioKit" */;
			productName = AudioKit;
		};
		D083502B2D2F48F8000200C7 /* SoundpipeAudioKit */ = {
			isa = XCSwiftPackageProductDependency;
			package = D083502A2D2F48F8000200C7 /* XCRemoteSwiftPackageReference "SoundpipeAudioKit" */;
			productName = SoundpipeAudioKit;
		};
		D0FF13D22D33594700CD1359 /* FirebaseStorage */ = {
			isa = XCSwiftPackageProductDependency;
			package = D0079EB22D2B27F600E0F36E /* XCRemoteSwiftPackageReference "firebase-ios-sdk" */;
			productName = FirebaseStorage;
		};
/* End XCSwiftPackageProductDependency section */
	};
	rootObject = D064A4C42D2646450001C402 /* Project object */;
}
